// !$*UTF8*$!
{
	archiveVersion = 1;
	classes = {
	};
	objectVersion = 46;
	objects = {

/* Begin PBXBuildFile section */
		840CC0D21E60BD1200D51705 /* main.m in Sources */ = {isa = PBXBuildFile; fileRef = 840CC0D11E60BD1200D51705 /* main.m */; };
		840CC0D51E60BD1200D51705 /* AppDelegate.m in Sources */ = {isa = PBXBuildFile; fileRef = 840CC0D41E60BD1200D51705 /* AppDelegate.m */; };
		840CC0D81E60BD1200D51705 /* ViewController.m in Sources */ = {isa = PBXBuildFile; fileRef = 840CC0D71E60BD1200D51705 /* ViewController.m */; };
		840CC0DB1E60BD1200D51705 /* Main.storyboard in Resources */ = {isa = PBXBuildFile; fileRef = 840CC0D91E60BD1200D51705 /* Main.storyboard */; };
		840CC0DD1E60BD1200D51705 /* Assets.xcassets in Resources */ = {isa = PBXBuildFile; fileRef = 840CC0DC1E60BD1200D51705 /* Assets.xcassets */; };
		840CC0E01E60BD1200D51705 /* LaunchScreen.storyboard in Resources */ = {isa = PBXBuildFile; fileRef = 840CC0DE1E60BD1200D51705 /* LaunchScreen.storyboard */; };
		840CC0E91E60C51500D51705 /* TweetsTableViewController.m in Sources */ = {isa = PBXBuildFile; fileRef = 840CC0E81E60C51500D51705 /* TweetsTableViewController.m */; };
		844D71851E815AE900DA3998 /* TweetTableViewCell.m in Sources */ = {isa = PBXBuildFile; fileRef = 844D71841E815AE900DA3998 /* TweetTableViewCell.m */; };
		FC2F71494B5FC9D7B53E51DC /* Pods_TwitterSearchSampleObjC.framework in Frameworks */ = {isa = PBXBuildFile; fileRef = BAC074D07362D0162DAFA2E7 /* Pods_TwitterSearchSampleObjC.framework */; };
/* End PBXBuildFile section */

/* Begin PBXFileReference section */
		275BD37C6FA064DEA08EA772 /* Pods-TwitterSearchSampleObjC.release.xcconfig */ = {isa = PBXFileReference; includeInIndex = 1; lastKnownFileType = text.xcconfig; name = "Pods-TwitterSearchSampleObjC.release.xcconfig"; path = "Pods/Target Support Files/Pods-TwitterSearchSampleObjC/Pods-TwitterSearchSampleObjC.release.xcconfig"; sourceTree = "<group>"; };
		70C6026D92FE64020B2691C3 /* Pods-TwitterSearchSampleObjC.debug.xcconfig */ = {isa = PBXFileReference; includeInIndex = 1; lastKnownFileType = text.xcconfig; name = "Pods-TwitterSearchSampleObjC.debug.xcconfig"; path = "Pods/Target Support Files/Pods-TwitterSearchSampleObjC/Pods-TwitterSearchSampleObjC.debug.xcconfig"; sourceTree = "<group>"; };
		840CC0CD1E60BD1200D51705 /* TwitterSearchSampleObjC.app */ = {isa = PBXFileReference; explicitFileType = wrapper.application; includeInIndex = 0; path = TwitterSearchSampleObjC.app; sourceTree = BUILT_PRODUCTS_DIR; };
		840CC0D11E60BD1200D51705 /* main.m */ = {isa = PBXFileReference; lastKnownFileType = sourcecode.c.objc; path = main.m; sourceTree = "<group>"; };
		840CC0D31E60BD1200D51705 /* AppDelegate.h */ = {isa = PBXFileReference; lastKnownFileType = sourcecode.c.h; path = AppDelegate.h; sourceTree = "<group>"; };
		840CC0D41E60BD1200D51705 /* AppDelegate.m */ = {isa = PBXFileReference; lastKnownFileType = sourcecode.c.objc; path = AppDelegate.m; sourceTree = "<group>"; };
		840CC0D61E60BD1200D51705 /* ViewController.h */ = {isa = PBXFileReference; lastKnownFileType = sourcecode.c.h; path = ViewController.h; sourceTree = "<group>"; };
		840CC0D71E60BD1200D51705 /* ViewController.m */ = {isa = PBXFileReference; lastKnownFileType = sourcecode.c.objc; path = ViewController.m; sourceTree = "<group>"; };
		840CC0DA1E60BD1200D51705 /* Base */ = {isa = PBXFileReference; lastKnownFileType = file.storyboard; name = Base; path = Base.lproj/Main.storyboard; sourceTree = "<group>"; };
		840CC0DC1E60BD1200D51705 /* Assets.xcassets */ = {isa = PBXFileReference; lastKnownFileType = folder.assetcatalog; path = Assets.xcassets; sourceTree = "<group>"; };
		840CC0DF1E60BD1200D51705 /* Base */ = {isa = PBXFileReference; lastKnownFileType = file.storyboard; name = Base; path = Base.lproj/LaunchScreen.storyboard; sourceTree = "<group>"; };
		840CC0E11E60BD1200D51705 /* Info.plist */ = {isa = PBXFileReference; lastKnownFileType = text.plist.xml; path = Info.plist; sourceTree = "<group>"; };
		840CC0E71E60C51500D51705 /* TweetsTableViewController.h */ = {isa = PBXFileReference; fileEncoding = 4; lastKnownFileType = sourcecode.c.h; path = TweetsTableViewController.h; sourceTree = "<group>"; };
		840CC0E81E60C51500D51705 /* TweetsTableViewController.m */ = {isa = PBXFileReference; fileEncoding = 4; lastKnownFileType = sourcecode.c.objc; path = TweetsTableViewController.m; sourceTree = "<group>"; };
		844D71831E815AE900DA3998 /* TweetTableViewCell.h */ = {isa = PBXFileReference; fileEncoding = 4; lastKnownFileType = sourcecode.c.h; path = TweetTableViewCell.h; sourceTree = "<group>"; };
		844D71841E815AE900DA3998 /* TweetTableViewCell.m */ = {isa = PBXFileReference; fileEncoding = 4; lastKnownFileType = sourcecode.c.objc; path = TweetTableViewCell.m; sourceTree = "<group>"; };
		BAC074D07362D0162DAFA2E7 /* Pods_TwitterSearchSampleObjC.framework */ = {isa = PBXFileReference; explicitFileType = wrapper.framework; includeInIndex = 0; path = Pods_TwitterSearchSampleObjC.framework; sourceTree = BUILT_PRODUCTS_DIR; };
/* End PBXFileReference section */

/* Begin PBXFrameworksBuildPhase section */
		840CC0CA1E60BD1200D51705 /* Frameworks */ = {
			isa = PBXFrameworksBuildPhase;
			buildActionMask = 2147483647;
			files = (
				FC2F71494B5FC9D7B53E51DC /* Pods_TwitterSearchSampleObjC.framework in Frameworks */,
			);
			runOnlyForDeploymentPostprocessing = 0;
		};
/* End PBXFrameworksBuildPhase section */

/* Begin PBXGroup section */
		4E97A0491301C1CFD170D2A3 /* Frameworks */ = {
			isa = PBXGroup;
			children = (
				BAC074D07362D0162DAFA2E7 /* Pods_TwitterSearchSampleObjC.framework */,
			);
			name = Frameworks;
			sourceTree = "<group>";
		};
		840CC0C41E60BD1200D51705 = {
			isa = PBXGroup;
			children = (
				840CC0CF1E60BD1200D51705 /* TwitterSearchSampleObjC */,
				840CC0CE1E60BD1200D51705 /* Products */,
				E2C0819FBF44FA10B7715D9E /* Pods */,
				4E97A0491301C1CFD170D2A3 /* Frameworks */,
			);
			sourceTree = "<group>";
		};
		840CC0CE1E60BD1200D51705 /* Products */ = {
			isa = PBXGroup;
			children = (
				840CC0CD1E60BD1200D51705 /* TwitterSearchSampleObjC.app */,
			);
			name = Products;
			sourceTree = "<group>";
		};
		840CC0CF1E60BD1200D51705 /* TwitterSearchSampleObjC */ = {
			isa = PBXGroup;
			children = (
				840CC0D31E60BD1200D51705 /* AppDelegate.h */,
				840CC0D41E60BD1200D51705 /* AppDelegate.m */,
				840CC0D61E60BD1200D51705 /* ViewController.h */,
				840CC0D71E60BD1200D51705 /* ViewController.m */,
				840CC0E71E60C51500D51705 /* TweetsTableViewController.h */,
				840CC0E81E60C51500D51705 /* TweetsTableViewController.m */,
				840CC0D91E60BD1200D51705 /* Main.storyboard */,
				844D71831E815AE900DA3998 /* TweetTableViewCell.h */,
				844D71841E815AE900DA3998 /* TweetTableViewCell.m */,
				840CC0DC1E60BD1200D51705 /* Assets.xcassets */,
				840CC0DE1E60BD1200D51705 /* LaunchScreen.storyboard */,
				840CC0E11E60BD1200D51705 /* Info.plist */,
				840CC0D01E60BD1200D51705 /* Supporting Files */,
			);
			path = TwitterSearchSampleObjC;
			sourceTree = "<group>";
		};
		840CC0D01E60BD1200D51705 /* Supporting Files */ = {
			isa = PBXGroup;
			children = (
				840CC0D11E60BD1200D51705 /* main.m */,
			);
			name = "Supporting Files";
			sourceTree = "<group>";
		};
		E2C0819FBF44FA10B7715D9E /* Pods */ = {
			isa = PBXGroup;
			children = (
				70C6026D92FE64020B2691C3 /* Pods-TwitterSearchSampleObjC.debug.xcconfig */,
				275BD37C6FA064DEA08EA772 /* Pods-TwitterSearchSampleObjC.release.xcconfig */,
			);
			name = Pods;
			sourceTree = "<group>";
		};
/* End PBXGroup section */

/* Begin PBXNativeTarget section */
		840CC0CC1E60BD1200D51705 /* TwitterSearchSampleObjC */ = {
			isa = PBXNativeTarget;
			buildConfigurationList = 840CC0E41E60BD1200D51705 /* Build configuration list for PBXNativeTarget "TwitterSearchSampleObjC" */;
			buildPhases = (
				C7C0D3404DBD314832DAC5B2 /* [CP] Check Pods Manifest.lock */,
				840CC0C91E60BD1200D51705 /* Sources */,
				840CC0CA1E60BD1200D51705 /* Frameworks */,
				840CC0CB1E60BD1200D51705 /* Resources */,
				3EB8356DC796CCAC48DC3C20 /* [CP] Embed Pods Frameworks */,
				168913F70855118ADB27F3B0 /* [CP] Copy Pods Resources */,
			);
			buildRules = (
			);
			dependencies = (
			);
			name = TwitterSearchSampleObjC;
			productName = TwitterSearchSampleObjC;
			productReference = 840CC0CD1E60BD1200D51705 /* TwitterSearchSampleObjC.app */;
			productType = "com.apple.product-type.application";
		};
/* End PBXNativeTarget section */

/* Begin PBXProject section */
		840CC0C51E60BD1200D51705 /* Project object */ = {
			isa = PBXProject;
			attributes = {
				LastUpgradeCheck = 0820;
				ORGANIZATIONNAME = "Tel-Ran";
				TargetAttributes = {
					840CC0CC1E60BD1200D51705 = {
						CreatedOnToolsVersion = 8.2.1;
						ProvisioningStyle = Automatic;
					};
				};
			};
			buildConfigurationList = 840CC0C81E60BD1200D51705 /* Build configuration list for PBXProject "TwitterSearchSampleObjC" */;
			compatibilityVersion = "Xcode 3.2";
			developmentRegion = English;
			hasScannedForEncodings = 0;
			knownRegions = (
				en,
				Base,
			);
			mainGroup = 840CC0C41E60BD1200D51705;
			productRefGroup = 840CC0CE1E60BD1200D51705 /* Products */;
			projectDirPath = "";
			projectRoot = "";
			targets = (
				840CC0CC1E60BD1200D51705 /* TwitterSearchSampleObjC */,
			);
		};
/* End PBXProject section */

/* Begin PBXResourcesBuildPhase section */
		840CC0CB1E60BD1200D51705 /* Resources */ = {
			isa = PBXResourcesBuildPhase;
			buildActionMask = 2147483647;
			files = (
				840CC0E01E60BD1200D51705 /* LaunchScreen.storyboard in Resources */,
				840CC0DD1E60BD1200D51705 /* Assets.xcassets in Resources */,
				840CC0DB1E60BD1200D51705 /* Main.storyboard in Resources */,
			);
			runOnlyForDeploymentPostprocessing = 0;
		};
/* End PBXResourcesBuildPhase section */

/* Begin PBXShellScriptBuildPhase section */
		168913F70855118ADB27F3B0 /* [CP] Copy Pods Resources */ = {
			isa = PBXShellScriptBuildPhase;
			buildActionMask = 2147483647;
			files = (
			);
			inputPaths = (
			);
			name = "[CP] Copy Pods Resources";
			outputPaths = (
			);
			runOnlyForDeploymentPostprocessing = 0;
			shellPath = /bin/sh;
			shellScript = "\"${SRCROOT}/Pods/Target Support Files/Pods-TwitterSearchSampleObjC/Pods-TwitterSearchSampleObjC-resources.sh\"\n";
			showEnvVarsInLog = 0;
		};
		3EB8356DC796CCAC48DC3C20 /* [CP] Embed Pods Frameworks */ = {
			isa = PBXShellScriptBuildPhase;
			buildActionMask = 2147483647;
			files = (
			);
			inputPaths = (
			);
			name = "[CP] Embed Pods Frameworks";
			outputPaths = (
			);
			runOnlyForDeploymentPostprocessing = 0;
			shellPath = /bin/sh;
			shellScript = "\"${SRCROOT}/Pods/Target Support Files/Pods-TwitterSearchSampleObjC/Pods-TwitterSearchSampleObjC-frameworks.sh\"\n";
			showEnvVarsInLog = 0;
		};
		C7C0D3404DBD314832DAC5B2 /* [CP] Check Pods Manifest.lock */ = {
			isa = PBXShellScriptBuildPhase;
			buildActionMask = 2147483647;
			files = (
			);
			inputPaths = (
			);
			name = "[CP] Check Pods Manifest.lock";
			outputPaths = (
			);
			runOnlyForDeploymentPostprocessing = 0;
			shellPath = /bin/sh;
			shellScript = "diff \"${PODS_ROOT}/../Podfile.lock\" \"${PODS_ROOT}/Manifest.lock\" > /dev/null\nif [ $? != 0 ] ; then\n    # print error to STDERR\n    echo \"error: The sandbox is not in sync with the Podfile.lock. Run 'pod install' or update your CocoaPods installation.\" >&2\n    exit 1\nfi\n";
			showEnvVarsInLog = 0;
		};
/* End PBXShellScriptBuildPhase section */

/* Begin PBXSourcesBuildPhase section */
		840CC0C91E60BD1200D51705 /* Sources */ = {
			isa = PBXSourcesBuildPhase;
			buildActionMask = 2147483647;
			files = (
				840CC0D81E60BD1200D51705 /* ViewController.m in Sources */,
				840CC0E91E60C51500D51705 /* TweetsTableViewController.m in Sources */,
				840CC0D51E60BD1200D51705 /* AppDelegate.m in Sources */,
				844D71851E815AE900DA3998 /* TweetTableViewCell.m in Sources */,
				840CC0D21E60BD1200D51705 /* main.m in Sources */,
			);
			runOnlyForDeploymentPostprocessing = 0;
		};
/* End PBXSourcesBuildPhase section */

/* Begin PBXVariantGroup section */
		840CC0D91E60BD1200D51705 /* Main.storyboard */ = {
			isa = PBXVariantGroup;
			children = (
				840CC0DA1E60BD1200D51705 /* Base */,
			);
			name = Main.storyboard;
			sourceTree = "<group>";
		};
		840CC0DE1E60BD1200D51705 /* LaunchScreen.storyboard */ = {
			isa = PBXVariantGroup;
			children = (
				840CC0DF1E60BD1200D51705 /* Base */,
			);
			name = LaunchScreen.storyboard;
			sourceTree = "<group>";
		};
/* End PBXVariantGroup section */

/* Begin XCBuildConfiguration section */
		840CC0E21E60BD1200D51705 /* Debug */ = {
			isa = XCBuildConfiguration;
			buildSettings = {
				ALWAYS_SEARCH_USER_PATHS = NO;
				CLANG_ANALYZER_NONNULL = YES;
				CLANG_CXX_LANGUAGE_STANDARD = "gnu++0x";
				CLANG_CXX_LIBRARY = "libc++";
				CLANG_ENABLE_MODULES = YES;
				CLANG_ENABLE_OBJC_ARC = YES;
				CLANG_WARN_BOOL_CONVERSION = YES;
				CLANG_WARN_CONSTANT_CONVERSION = YES;
				CLANG_WARN_DIRECT_OBJC_ISA_USAGE = YES_ERROR;
				CLANG_WARN_DOCUMENTATION_COMMENTS = YES;
				CLANG_WARN_EMPTY_BODY = YES;
				CLANG_WARN_ENUM_CONVERSION = YES;
				CLANG_WARN_INFINITE_RECURSION = YES;
				CLANG_WARN_INT_CONVERSION = YES;
				CLANG_WARN_OBJC_ROOT_CLASS = YES_ERROR;
				CLANG_WARN_SUSPICIOUS_MOVE = YES;
				CLANG_WARN_UNREACHABLE_CODE = YES;
				CLANG_WARN__DUPLICATE_METHOD_MATCH = YES;
				"CODE_SIGN_IDENTITY[sdk=iphoneos*]" = "iPhone Developer";
				COPY_PHASE_STRIP = NO;
				DEBUG_INFORMATION_FORMAT = dwarf;
				ENABLE_STRICT_OBJC_MSGSEND = YES;
				ENABLE_TESTABILITY = YES;
				GCC_C_LANGUAGE_STANDARD = gnu99;
				GCC_DYNAMIC_NO_PIC = NO;
				GCC_NO_COMMON_BLOCKS = YES;
				GCC_OPTIMIZATION_LEVEL = 0;
				GCC_PREPROCESSOR_DEFINITIONS = (
					"DEBUG=1",
					"$(inherited)",
				);
				GCC_WARN_64_TO_32_BIT_CONVERSION = YES;
				GCC_WARN_ABOUT_RETURN_TYPE = YES_ERROR;
				GCC_WARN_UNDECLARED_SELECTOR = YES;
				GCC_WARN_UNINITIALIZED_AUTOS = YES_AGGRESSIVE;
				GCC_WARN_UNUSED_FUNCTION = YES;
				GCC_WARN_UNUSED_VARIABLE = YES;
				IPHONEOS_DEPLOYMENT_TARGET = 10.2;
				MTL_ENABLE_DEBUG_INFO = YES;
				ONLY_ACTIVE_ARCH = YES;
				SDKROOT = iphoneos;
				TARGETED_DEVICE_FAMILY = "1,2";
			};
			name = Debug;
		};
		840CC0E31E60BD1200D51705 /* Release */ = {
			isa = XCBuildConfiguration;
			buildSettings = {
				ALWAYS_SEARCH_USER_PATHS = NO;
				CLANG_ANALYZER_NONNULL = YES;
				CLANG_CXX_LANGUAGE_STANDARD = "gnu++0x";
				CLANG_CXX_LIBRARY = "libc++";
				CLANG_ENABLE_MODULES = YES;
				CLANG_ENABLE_OBJC_ARC = YES;
				CLANG_WARN_BOOL_CONVERSION = YES;
				CLANG_WARN_CONSTANT_CONVERSION = YES;
				CLANG_WARN_DIRECT_OBJC_ISA_USAGE = YES_ERROR;
				CLANG_WARN_DOCUMENTATION_COMMENTS = YES;
				CLANG_WARN_EMPTY_BODY = YES;
				CLANG_WARN_ENUM_CONVERSION = YES;
				CLANG_WARN_INFINITE_RECURSION = YES;
				CLANG_WARN_INT_CONVERSION = YES;
				CLANG_WARN_OBJC_ROOT_CLASS = YES_ERROR;
				CLANG_WARN_SUSPICIOUS_MOVE = YES;
				CLANG_WARN_UNREACHABLE_CODE = YES;
				CLANG_WARN__DUPLICATE_METHOD_MATCH = YES;
				"CODE_SIGN_IDENTITY[sdk=iphoneos*]" = "iPhone Developer";
				COPY_PHASE_STRIP = NO;
				DEBUG_INFORMATION_FORMAT = "dwarf-with-dsym";
				ENABLE_NS_ASSERTIONS = NO;
				ENABLE_STRICT_OBJC_MSGSEND = YES;
				GCC_C_LANGUAGE_STANDARD = gnu99;
				GCC_NO_COMMON_BLOCKS = YES;
				GCC_WARN_64_TO_32_BIT_CONVERSION = YES;
				GCC_WARN_ABOUT_RETURN_TYPE = YES_ERROR;
				GCC_WARN_UNDECLARED_SELECTOR = YES;
				GCC_WARN_UNINITIALIZED_AUTOS = YES_AGGRESSIVE;
				GCC_WARN_UNUSED_FUNCTION = YES;
				GCC_WARN_UNUSED_VARIABLE = YES;
				IPHONEOS_DEPLOYMENT_TARGET = 10.2;
				MTL_ENABLE_DEBUG_INFO = NO;
				SDKROOT = iphoneos;
				TARGETED_DEVICE_FAMILY = "1,2";
				VALIDATE_PRODUCT = YES;
			};
			name = Release;
		};
		840CC0E51E60BD1200D51705 /* Debug */ = {
			isa = XCBuildConfiguration;
			baseConfigurationReference = 70C6026D92FE64020B2691C3 /* Pods-TwitterSearchSampleObjC.debug.xcconfig */;
			buildSettings = {
				ASSETCATALOG_COMPILER_APPICON_NAME = AppIcon;
				INFOPLIST_FILE = TwitterSearchSampleObjC/Info.plist;
				LD_RUNPATH_SEARCH_PATHS = "$(inherited) @executable_path/Frameworks";
				PRODUCT_BUNDLE_IDENTIFIER = "tel-ran.TwitterSearchSampleObjC";
				PRODUCT_NAME = "$(TARGET_NAME)";
			};
			name = Debug;
		};
		840CC0E61E60BD1200D51705 /* Release */ = {
			isa = XCBuildConfiguration;
			baseConfigurationReference = 275BD37C6FA064DEA08EA772 /* Pods-TwitterSearchSampleObjC.release.xcconfig */;
			buildSettings = {
				ASSETCATALOG_COMPILER_APPICON_NAME = AppIcon;
				INFOPLIST_FILE = TwitterSearchSampleObjC/Info.plist;
				LD_RUNPATH_SEARCH_PATHS = "$(inherited) @executable_path/Frameworks";
				PRODUCT_BUNDLE_IDENTIFIER = "tel-ran.TwitterSearchSampleObjC";
				PRODUCT_NAME = "$(TARGET_NAME)";
			};
			name = Release;
		};
/* End XCBuildConfiguration section */

/* Begin XCConfigurationList section */
		840CC0C81E60BD1200D51705 /* Build configuration list for PBXProject "TwitterSearchSampleObjC" */ = {
			isa = XCConfigurationList;
			buildConfigurations = (
				840CC0E21E60BD1200D51705 /* Debug */,
				840CC0E31E60BD1200D51705 /* Release */,
			);
			defaultConfigurationIsVisible = 0;
			defaultConfigurationName = Release;
		};
		840CC0E41E60BD1200D51705 /* Build configuration list for PBXNativeTarget "TwitterSearchSampleObjC" */ = {
			isa = XCConfigurationList;
			buildConfigurations = (
				840CC0E51E60BD1200D51705 /* Debug */,
				840CC0E61E60BD1200D51705 /* Release */,
			);
			defaultConfigurationIsVisible = 0;
			defaultConfigurationName = Release;
		};
/* End XCConfigurationList section */
	};
	rootObject = 840CC0C51E60BD1200D51705 /* Project object */;
}
